
Microsoft Visual Studio Solution File, Format Version 12.00
# Visual Studio Version 17
VisualStudioVersion = 17.3.32901.215
MinimumVisualStudioVersion = 10.0.40219.1
Project("{9A19103F-16F7-4668-BE54-9A1E7A4F7556}") = "CINEMA_ORM", "CINEMA_ORM\CINEMA_ORM.csproj", "{6255FF0A-6970-4E72-AB9C-07A179A48F16}"
EndProject
Global
	GlobalSection(SolutionConfigurationPlatforms) = preSolution
		All|Any CPU = All|Any CPU
		Debug|Any CPU = Debug|Any CPU
		Release|Any CPU = Release|Any CPU
	EndGlobalSection
	GlobalSection(ProjectConfigurationPlatforms) = postSolution
		{6255FF0A-6970-4E72-AB9C-07A179A48F16}.All|Any CPU.ActiveCfg = Release|Any CPU
		{6255FF0A-6970-4E72-AB9C-07A179A48F16}.All|Any CPU.Build.0 = Release|Any CPU
		{6255FF0A-6970-4E72-AB9C-07A179A48F16}.Debug|Any CPU.ActiveCfg = Release|Any CPU
		{6255FF0A-6970-4E72-AB9C-07A179A48F16}.Debug|Any CPU.Build.0 = Release|Any CPU
		{6255FF0A-6970-4E72-AB9C-07A179A48F16}.Release|Any CPU.ActiveCfg = Release|Any CPU
		{6255FF0A-6970-4E72-AB9C-07A179A48F16}.Release|Any CPU.Build.0 = Release|Any CPU
	EndGlobalSection
	GlobalSection(SolutionProperties) = preSolution
		HideSolutionNode = FALSE
	EndGlobalSection
	GlobalSection(ExtensibilityGlobals) = postSolution
		SolutionGuid = {9BC580A2-6D97-4269-824B-7BA74A5DD5F0}
	EndGlobalSection
EndGlobal
